# This file is automatically @generated by Poetry 1.4.1 and should not be changed by hand.

[[package]]
name = "django-restframework"
version = "0.0.1"
description = "django-restframework"
category = "main"
optional = false
python-versions = "*"
files = [
    {file = "django-restframework-0.0.1.tar.gz", hash = "sha256:2bec9265463693ada558ad9a58c31f6f3de005a932fbfeaadf983c5c9f3b7058"},
]

[metadata]
lock-version = "2.0"
python-versions = "^3.11"
content-hash = "3278bc91ca0adf25d87d4146b3064a199423499c0cd1e8adeed31df1580eda29"
